
Microsoft Visual Studio Solution File, Format Version 12.00
# Visual Studio Version 16
VisualStudioVersion = 16.0.29001.49
MinimumVisualStudioVersion = 10.0.40219.1
Project("{FAE04EC0-301F-11D3-BF4B-00C04F79EFBC}") = "EF_DatabaseFirst", "EF_DatabaseFirst\EF_DatabaseFirst.csproj", "{74534BC9-AA39-4A95-A139-B3F85C1E6ECD}"
EndProject
Project("{FAE04EC0-301F-11D3-BF4B-00C04F79EFBC}") = "EF_Database_Clone", "EF_Database_Clone\EF_Database_Clone.csproj", "{512B27D9-ED33-47A4-B7A6-1A7DB45D23AA}"
EndProject
Project("{FAE04EC0-301F-11D3-BF4B-00C04F79EFBC}") = "EF_Database_MVC", "EF_Database_MVC\EF_Database_MVC.csproj", "{434B6016-4A80-40B6-95CD-DDDD314F831B}"
EndProject
Global
	GlobalSection(SolutionConfigurationPlatforms) = preSolution
		Debug|Any CPU = Debug|Any CPU
		Release|Any CPU = Release|Any CPU
	EndGlobalSection
	GlobalSection(ProjectConfigurationPlatforms) = postSolution
		{74534BC9-AA39-4A95-A139-B3F85C1E6ECD}.Debug|Any CPU.ActiveCfg = Debug|Any CPU
		{74534BC9-AA39-4A95-A139-B3F85C1E6ECD}.Debug|Any CPU.Build.0 = Debug|Any CPU
		{74534BC9-AA39-4A95-A139-B3F85C1E6ECD}.Release|Any CPU.ActiveCfg = Release|Any CPU
		{74534BC9-AA39-4A95-A139-B3F85C1E6ECD}.Release|Any CPU.Build.0 = Release|Any CPU
		{512B27D9-ED33-47A4-B7A6-1A7DB45D23AA}.Debug|Any CPU.ActiveCfg = Debug|Any CPU
		{512B27D9-ED33-47A4-B7A6-1A7DB45D23AA}.Debug|Any CPU.Build.0 = Debug|Any CPU
		{512B27D9-ED33-47A4-B7A6-1A7DB45D23AA}.Release|Any CPU.ActiveCfg = Release|Any CPU
		{512B27D9-ED33-47A4-B7A6-1A7DB45D23AA}.Release|Any CPU.Build.0 = Release|Any CPU
		{434B6016-4A80-40B6-95CD-DDDD314F831B}.Debug|Any CPU.ActiveCfg = Debug|Any CPU
		{434B6016-4A80-40B6-95CD-DDDD314F831B}.Debug|Any CPU.Build.0 = Debug|Any CPU
		{434B6016-4A80-40B6-95CD-DDDD314F831B}.Release|Any CPU.ActiveCfg = Release|Any CPU
		{434B6016-4A80-40B6-95CD-DDDD314F831B}.Release|Any CPU.Build.0 = Release|Any CPU
	EndGlobalSection
	GlobalSection(SolutionProperties) = preSolution
		HideSolutionNode = FALSE
	EndGlobalSection
	GlobalSection(ExtensibilityGlobals) = postSolution
		SolutionGuid = {1EC72B22-0398-41EB-8BCA-1D7C722B5326}
	EndGlobalSection
EndGlobal
